
Microsoft Visual Studio Solution File, Format Version 12.00
# Visual Studio 15
VisualStudioVersion = 15.0.27130.2027
MinimumVisualStudioVersion = 10.0.40219.1
Project("{FAE04EC0-301F-11D3-BF4B-00C04F79EFBC}") = "Proyecto", "Proyecto\Proyecto.csproj", "{1A8050E1-EEC3-4BB9-80EB-CDEDFFE9090B}"
EndProject
Global
	GlobalSection(SolutionConfigurationPlatforms) = preSolution
		Debug|Any CPU = Debug|Any CPU
		Release|Any CPU = Release|Any CPU
	EndGlobalSection
	GlobalSection(ProjectConfigurationPlatforms) = postSolution
		{1A8050E1-EEC3-4BB9-80EB-CDEDFFE9090B}.Debug|Any CPU.ActiveCfg = Debug|Any CPU
		{1A8050E1-EEC3-4BB9-80EB-CDEDFFE9090B}.Debug|Any CPU.Build.0 = Debug|Any CPU
		{1A8050E1-EEC3-4BB9-80EB-CDEDFFE9090B}.Release|Any CPU.ActiveCfg = Release|Any CPU
		{1A8050E1-EEC3-4BB9-80EB-CDEDFFE9090B}.Release|Any CPU.Build.0 = Release|Any CPU
	EndGlobalSection
	GlobalSection(SolutionProperties) = preSolution
		HideSolutionNode = FALSE
	EndGlobalSection
	GlobalSection(ExtensibilityGlobals) = postSolution
		SolutionGuid = {81CD9785-5D72-45FA-AAC5-D8B33E0A8ED4}
	EndGlobalSection
EndGlobal
